// !$*UTF8*$!
{
	archiveVersion = 1;
	classes = {
	};
	objectVersion = 50;
	objects = {

/* Begin PBXBuildFile section */
		B826A5BB21DBFE5A006DCCF6 /* Alamofire.framework in Frameworks */ = {isa = PBXBuildFile; fileRef = B826A5BA21DBFE5A006DCCF6 /* Alamofire.framework */; };
		B85D282521DA005C00932170 /* AppDelegate.swift in Sources */ = {isa = PBXBuildFile; fileRef = B85D282421DA005C00932170 /* AppDelegate.swift */; };
		B85D282921DA005E00932170 /* Assets.xcassets in Resources */ = {isa = PBXBuildFile; fileRef = B85D282821DA005E00932170 /* Assets.xcassets */; };
		B85D282C21DA005E00932170 /* Main.storyboard in Resources */ = {isa = PBXBuildFile; fileRef = B85D282A21DA005E00932170 /* Main.storyboard */; };
		B85D283821DA060300932170 /* AccountViewController.swift in Sources */ = {isa = PBXBuildFile; fileRef = B85D283621DA060300932170 /* AccountViewController.swift */; };
		B8F2A99C21DC733800054091 /* MenuBarItem.swift in Sources */ = {isa = PBXBuildFile; fileRef = B8F2A99B21DC733800054091 /* MenuBarItem.swift */; };
		B8F2A99E21DC819C00054091 /* MainPopoverViewController.swift in Sources */ = {isa = PBXBuildFile; fileRef = B8F2A99D21DC819C00054091 /* MainPopoverViewController.swift */; };
		B8F2A9A121DC89EF00054091 /* UserData.xcdatamodeld in Sources */ = {isa = PBXBuildFile; fileRef = B8F2A99F21DC89EF00054091 /* UserData.xcdatamodeld */; };
/* End PBXBuildFile section */

/* Begin PBXBuildRule section */
		B826A5BE21DC0096006DCCF6 /* PBXBuildRule */ = {
			isa = PBXBuildRule;
			compilerSpec = com.apple.compilers.proxy.script;
			fileType = pattern.proxy;
			isEditable = 1;
			outputFiles = (
			);
			script = "# Type a script or drag a script file from your workspace to insert its path.\n";
		};
/* End PBXBuildRule section */

/* Begin PBXFileReference section */
		B826A5BA21DBFE5A006DCCF6 /* Alamofire.framework */ = {isa = PBXFileReference; lastKnownFileType = wrapper.framework; name = Alamofire.framework; path = Carthage/Build/Mac/Alamofire.framework; sourceTree = "<group>"; };
		B85D282121DA005C00932170 /* RitsAssistant.app */ = {isa = PBXFileReference; explicitFileType = wrapper.application; includeInIndex = 0; path = RitsAssistant.app; sourceTree = BUILT_PRODUCTS_DIR; };
		B85D282421DA005C00932170 /* AppDelegate.swift */ = {isa = PBXFileReference; lastKnownFileType = sourcecode.swift; path = AppDelegate.swift; sourceTree = "<group>"; };
		B85D282821DA005E00932170 /* Assets.xcassets */ = {isa = PBXFileReference; lastKnownFileType = folder.assetcatalog; path = Assets.xcassets; sourceTree = "<group>"; };
		B85D282B21DA005E00932170 /* Base */ = {isa = PBXFileReference; lastKnownFileType = file.storyboard; name = Base; path = Base.lproj/Main.storyboard; sourceTree = "<group>"; };
		B85D282D21DA005E00932170 /* Info.plist */ = {isa = PBXFileReference; lastKnownFileType = text.plist.xml; path = Info.plist; sourceTree = "<group>"; };
		B85D282E21DA005E00932170 /* RitsAssistant.entitlements */ = {isa = PBXFileReference; lastKnownFileType = text.plist.entitlements; path = RitsAssistant.entitlements; sourceTree = "<group>"; };
		B85D283621DA060300932170 /* AccountViewController.swift */ = {isa = PBXFileReference; lastKnownFileType = sourcecode.swift; path = AccountViewController.swift; sourceTree = "<group>"; };
		B8F2A99B21DC733800054091 /* MenuBarItem.swift */ = {isa = PBXFileReference; lastKnownFileType = sourcecode.swift; path = MenuBarItem.swift; sourceTree = "<group>"; };
		B8F2A99D21DC819C00054091 /* MainPopoverViewController.swift */ = {isa = PBXFileReference; lastKnownFileType = sourcecode.swift; path = MainPopoverViewController.swift; sourceTree = "<group>"; };
		B8F2A9A021DC89EF00054091 /* UserData.xcdatamodel */ = {isa = PBXFileReference; lastKnownFileType = wrapper.xcdatamodel; path = UserData.xcdatamodel; sourceTree = "<group>"; };
/* End PBXFileReference section */

/* Begin PBXFrameworksBuildPhase section */
		B85D281E21DA005C00932170 /* Frameworks */ = {
			isa = PBXFrameworksBuildPhase;
			buildActionMask = 2147483647;
			files = (
				B826A5BB21DBFE5A006DCCF6 /* Alamofire.framework in Frameworks */,
			);
			runOnlyForDeploymentPostprocessing = 0;
		};
/* End PBXFrameworksBuildPhase section */

/* Begin PBXGroup section */
		B826A5B921DBFE59006DCCF6 /* Frameworks */ = {
			isa = PBXGroup;
			children = (
				B826A5BA21DBFE5A006DCCF6 /* Alamofire.framework */,
			);
			name = Frameworks;
			sourceTree = "<group>";
		};
		B85D281821DA005C00932170 = {
			isa = PBXGroup;
			children = (
				B85D282321DA005C00932170 /* RitsAssistant */,
				B85D282221DA005C00932170 /* Products */,
				B826A5B921DBFE59006DCCF6 /* Frameworks */,
			);
			sourceTree = "<group>";
		};
		B85D282221DA005C00932170 /* Products */ = {
			isa = PBXGroup;
			children = (
				B85D282121DA005C00932170 /* RitsAssistant.app */,
			);
			name = Products;
			sourceTree = "<group>";
		};
		B85D282321DA005C00932170 /* RitsAssistant */ = {
			isa = PBXGroup;
			children = (
				B8F2A99921DC0C4300054091 /* Model */,
				B8F2A99A21DC0C4F00054091 /* View */,
				B8F2A99821DC0C3500054091 /* Controller */,
				B8F2A99721DC0C0500054091 /* Support Files */,
			);
			path = RitsAssistant;
			sourceTree = "<group>";
		};
		B8F2A99721DC0C0500054091 /* Support Files */ = {
			isa = PBXGroup;
			children = (
				B8F2A99F21DC89EF00054091 /* UserData.xcdatamodeld */,
				B85D282E21DA005E00932170 /* RitsAssistant.entitlements */,
				B85D282D21DA005E00932170 /* Info.plist */,
			);
			path = "Support Files";
			sourceTree = "<group>";
		};
		B8F2A99821DC0C3500054091 /* Controller */ = {
			isa = PBXGroup;
			children = (
				B85D283621DA060300932170 /* AccountViewController.swift */,
				B8F2A99D21DC819C00054091 /* MainPopoverViewController.swift */,
			);
			path = Controller;
			sourceTree = "<group>";
		};
		B8F2A99921DC0C4300054091 /* Model */ = {
			isa = PBXGroup;
			children = (
				B85D282421DA005C00932170 /* AppDelegate.swift */,
				B8F2A99B21DC733800054091 /* MenuBarItem.swift */,
			);
			path = Model;
			sourceTree = "<group>";
		};
		B8F2A99A21DC0C4F00054091 /* View */ = {
			isa = PBXGroup;
			children = (
				B85D282821DA005E00932170 /* Assets.xcassets */,
				B85D282A21DA005E00932170 /* Main.storyboard */,
			);
			path = View;
			sourceTree = "<group>";
		};
/* End PBXGroup section */

/* Begin PBXNativeTarget section */
		B85D282021DA005C00932170 /* RitsAssistant */ = {
			isa = PBXNativeTarget;
			buildConfigurationList = B85D283121DA005E00932170 /* Build configuration list for PBXNativeTarget "RitsAssistant" */;
			buildPhases = (
				B85D281D21DA005C00932170 /* Sources */,
				B85D281E21DA005C00932170 /* Frameworks */,
				B85D281F21DA005C00932170 /* Resources */,
				B826A5BF21DC00A9006DCCF6 /* ShellScript */,
			);
			buildRules = (
				B826A5BE21DC0096006DCCF6 /* PBXBuildRule */,
			);
			dependencies = (
			);
			name = RitsAssistant;
			productName = RitsAssistant;
			productReference = B85D282121DA005C00932170 /* RitsAssistant.app */;
			productType = "com.apple.product-type.application";
		};
/* End PBXNativeTarget section */

/* Begin PBXProject section */
		B85D281921DA005C00932170 /* Project object */ = {
			isa = PBXProject;
			attributes = {
				LastSwiftUpdateCheck = 1010;
				LastUpgradeCheck = 1010;
				ORGANIZATIONNAME = "Zhou Fang";
				TargetAttributes = {
					B85D282021DA005C00932170 = {
						CreatedOnToolsVersion = 10.1;
					};
				};
			};
			buildConfigurationList = B85D281C21DA005C00932170 /* Build configuration list for PBXProject "RitsAssistant" */;
			compatibilityVersion = "Xcode 9.3";
			developmentRegion = en;
			hasScannedForEncodings = 0;
			knownRegions = (
				en,
				Base,
			);
			mainGroup = B85D281821DA005C00932170;
			productRefGroup = B85D282221DA005C00932170 /* Products */;
			projectDirPath = "";
			projectRoot = "";
			targets = (
				B85D282021DA005C00932170 /* RitsAssistant */,
			);
		};
/* End PBXProject section */

/* Begin PBXResourcesBuildPhase section */
		B85D281F21DA005C00932170 /* Resources */ = {
			isa = PBXResourcesBuildPhase;
			buildActionMask = 2147483647;
			files = (
				B85D282921DA005E00932170 /* Assets.xcassets in Resources */,
				B85D282C21DA005E00932170 /* Main.storyboard in Resources */,
			);
			runOnlyForDeploymentPostprocessing = 0;
		};
/* End PBXResourcesBuildPhase section */

/* Begin PBXShellScriptBuildPhase section */
		B826A5BF21DC00A9006DCCF6 /* ShellScript */ = {
			isa = PBXShellScriptBuildPhase;
			buildActionMask = 2147483647;
			files = (
			);
			inputFileListPaths = (
			);
			inputPaths = (
				"$(SRCROOT)/Carthage/Build/Mac/Alamofire.framework",
			);
			outputFileListPaths = (
			);
			outputPaths = (
			);
			runOnlyForDeploymentPostprocessing = 0;
			shellPath = /bin/sh;
			shellScript = "/usr/local/bin/carthage copy-frameworks\n";
		};
/* End PBXShellScriptBuildPhase section */

/* Begin PBXSourcesBuildPhase section */
		B85D281D21DA005C00932170 /* Sources */ = {
			isa = PBXSourcesBuildPhase;
			buildActionMask = 2147483647;
			files = (
				B8F2A9A121DC89EF00054091 /* UserData.xcdatamodeld in Sources */,
				B8F2A99E21DC819C00054091 /* MainPopoverViewController.swift in Sources */,
				B8F2A99C21DC733800054091 /* MenuBarItem.swift in Sources */,
				B85D282521DA005C00932170 /* AppDelegate.swift in Sources */,
				B85D283821DA060300932170 /* AccountViewController.swift in Sources */,
			);
			runOnlyForDeploymentPostprocessing = 0;
		};
/* End PBXSourcesBuildPhase section */

/* Begin PBXVariantGroup section */
		B85D282A21DA005E00932170 /* Main.storyboard */ = {
			isa = PBXVariantGroup;
			children = (
				B85D282B21DA005E00932170 /* Base */,
			);
			name = Main.storyboard;
			sourceTree = "<group>";
		};
/* End PBXVariantGroup section */

/* Begin XCBuildConfiguration section */
		B85D282F21DA005E00932170 /* Debug */ = {
			isa = XCBuildConfiguration;
			buildSettings = {
				ALWAYS_SEARCH_USER_PATHS = NO;
				CLANG_ANALYZER_NONNULL = YES;
				CLANG_ANALYZER_NUMBER_OBJECT_CONVERSION = YES_AGGRESSIVE;
				CLANG_CXX_LANGUAGE_STANDARD = "gnu++14";
				CLANG_CXX_LIBRARY = "libc++";
				CLANG_ENABLE_MODULES = YES;
				CLANG_ENABLE_OBJC_ARC = YES;
				CLANG_ENABLE_OBJC_WEAK = YES;
				CLANG_WARN_BLOCK_CAPTURE_AUTORELEASING = YES;
				CLANG_WARN_BOOL_CONVERSION = YES;
				CLANG_WARN_COMMA = YES;
				CLANG_WARN_CONSTANT_CONVERSION = YES;
				CLANG_WARN_DEPRECATED_OBJC_IMPLEMENTATIONS = YES;
				CLANG_WARN_DIRECT_OBJC_ISA_USAGE = YES_ERROR;
				CLANG_WARN_DOCUMENTATION_COMMENTS = YES;
				CLANG_WARN_EMPTY_BODY = YES;
				CLANG_WARN_ENUM_CONVERSION = YES;
				CLANG_WARN_INFINITE_RECURSION = YES;
				CLANG_WARN_INT_CONVERSION = YES;
				CLANG_WARN_NON_LITERAL_NULL_CONVERSION = YES;
				CLANG_WARN_OBJC_IMPLICIT_RETAIN_SELF = YES;
				CLANG_WARN_OBJC_LITERAL_CONVERSION = YES;
				CLANG_WARN_OBJC_ROOT_CLASS = YES_ERROR;
				CLANG_WARN_RANGE_LOOP_ANALYSIS = YES;
				CLANG_WARN_STRICT_PROTOTYPES = YES;
				CLANG_WARN_SUSPICIOUS_MOVE = YES;
				CLANG_WARN_UNGUARDED_AVAILABILITY = YES_AGGRESSIVE;
				CLANG_WARN_UNREACHABLE_CODE = YES;
				CLANG_WARN__DUPLICATE_METHOD_MATCH = YES;
				CODE_SIGN_IDENTITY = "Mac Developer";
				COPY_PHASE_STRIP = NO;
				DEBUG_INFORMATION_FORMAT = dwarf;
				ENABLE_STRICT_OBJC_MSGSEND = YES;
				ENABLE_TESTABILITY = YES;
				GCC_C_LANGUAGE_STANDARD = gnu11;
				GCC_DYNAMIC_NO_PIC = NO;
				GCC_NO_COMMON_BLOCKS = YES;
				GCC_OPTIMIZATION_LEVEL = 0;
				GCC_PREPROCESSOR_DEFINITIONS = (
					"DEBUG=1",
					"$(inherited)",
				);
				GCC_WARN_64_TO_32_BIT_CONVERSION = YES;
				GCC_WARN_ABOUT_RETURN_TYPE = YES_ERROR;
				GCC_WARN_UNDECLARED_SELECTOR = YES;
				GCC_WARN_UNINITIALIZED_AUTOS = YES_AGGRESSIVE;
				GCC_WARN_UNUSED_FUNCTION = YES;
				GCC_WARN_UNUSED_VARIABLE = YES;
				MACOSX_DEPLOYMENT_TARGET = 10.14;
				MTL_ENABLE_DEBUG_INFO = INCLUDE_SOURCE;
				MTL_FAST_MATH = YES;
				ONLY_ACTIVE_ARCH = YES;
				SDKROOT = macosx;
				SWIFT_ACTIVE_COMPILATION_CONDITIONS = DEBUG;
				SWIFT_OPTIMIZATION_LEVEL = "-Onone";
			};
			name = Debug;
		};
		B85D283021DA005E00932170 /* Release */ = {
			isa = XCBuildConfiguration;
			buildSettings = {
				ALWAYS_SEARCH_USER_PATHS = NO;
				CLANG_ANALYZER_NONNULL = YES;
				CLANG_ANALYZER_NUMBER_OBJECT_CONVERSION = YES_AGGRESSIVE;
				CLANG_CXX_LANGUAGE_STANDARD = "gnu++14";
				CLANG_CXX_LIBRARY = "libc++";
				CLANG_ENABLE_MODULES = YES;
				CLANG_ENABLE_OBJC_ARC = YES;
				CLANG_ENABLE_OBJC_WEAK = YES;
				CLANG_WARN_BLOCK_CAPTURE_AUTORELEASING = YES;
				CLANG_WARN_BOOL_CONVERSION = YES;
				CLANG_WARN_COMMA = YES;
				CLANG_WARN_CONSTANT_CONVERSION = YES;
				CLANG_WARN_DEPRECATED_OBJC_IMPLEMENTATIONS = YES;
				CLANG_WARN_DIRECT_OBJC_ISA_USAGE = YES_ERROR;
				CLANG_WARN_DOCUMENTATION_COMMENTS = YES;
				CLANG_WARN_EMPTY_BODY = YES;
				CLANG_WARN_ENUM_CONVERSION = YES;
				CLANG_WARN_INFINITE_RECURSION = YES;
				CLANG_WARN_INT_CONVERSION = YES;
				CLANG_WARN_NON_LITERAL_NULL_CONVERSION = YES;
				CLANG_WARN_OBJC_IMPLICIT_RETAIN_SELF = YES;
				CLANG_WARN_OBJC_LITERAL_CONVERSION = YES;
				CLANG_WARN_OBJC_ROOT_CLASS = YES_ERROR;
				CLANG_WARN_RANGE_LOOP_ANALYSIS = YES;
				CLANG_WARN_STRICT_PROTOTYPES = YES;
				CLANG_WARN_SUSPICIOUS_MOVE = YES;
				CLANG_WARN_UNGUARDED_AVAILABILITY = YES_AGGRESSIVE;
				CLANG_WARN_UNREACHABLE_CODE = YES;
				CLANG_WARN__DUPLICATE_METHOD_MATCH = YES;
				CODE_SIGN_IDENTITY = "Mac Developer";
				COPY_PHASE_STRIP = NO;
				DEBUG_INFORMATION_FORMAT = "dwarf-with-dsym";
				ENABLE_NS_ASSERTIONS = NO;
				ENABLE_STRICT_OBJC_MSGSEND = YES;
				GCC_C_LANGUAGE_STANDARD = gnu11;
				GCC_NO_COMMON_BLOCKS = YES;
				GCC_WARN_64_TO_32_BIT_CONVERSION = YES;
				GCC_WARN_ABOUT_RETURN_TYPE = YES_ERROR;
				GCC_WARN_UNDECLARED_SELECTOR = YES;
				GCC_WARN_UNINITIALIZED_AUTOS = YES_AGGRESSIVE;
				GCC_WARN_UNUSED_FUNCTION = YES;
				GCC_WARN_UNUSED_VARIABLE = YES;
				MACOSX_DEPLOYMENT_TARGET = 10.14;
				MTL_ENABLE_DEBUG_INFO = NO;
				MTL_FAST_MATH = YES;
				SDKROOT = macosx;
				SWIFT_COMPILATION_MODE = wholemodule;
				SWIFT_OPTIMIZATION_LEVEL = "-O";
			};
			name = Release;
		};
		B85D283221DA005E00932170 /* Debug */ = {
			isa = XCBuildConfiguration;
			buildSettings = {
				ASSETCATALOG_COMPILER_APPICON_NAME = AppIcon;
				CODE_SIGN_ENTITLEMENTS = "RitsAssistant/Support Files/RitsAssistant.entitlements";
				CODE_SIGN_STYLE = Automatic;
				COMBINE_HIDPI_IMAGES = YES;
				DEVELOPMENT_TEAM = 22LM694AT3;
				FRAMEWORK_SEARCH_PATHS = (
					"$(inherited)",
					"$(PROJECT_DIR)/Carthage/Build/Mac",
				);
				INFOPLIST_FILE = "RitsAssistant/Support Files/Info.plist";
				LD_RUNPATH_SEARCH_PATHS = (
					"$(inherited)",
					"@executable_path/../Frameworks",
				);
				MACOSX_DEPLOYMENT_TARGET = 10.14;
				PRODUCT_BUNDLE_IDENTIFIER = com.fang2hou.RitsAssistant;
				PRODUCT_NAME = "$(TARGET_NAME)";
				SWIFT_VERSION = 4.2;
			};
			name = Debug;
		};
		B85D283321DA005E00932170 /* Release */ = {
			isa = XCBuildConfiguration;
			buildSettings = {
				ASSETCATALOG_COMPILER_APPICON_NAME = AppIcon;
				CODE_SIGN_ENTITLEMENTS = "RitsAssistant/Support Files/RitsAssistant.entitlements";
				CODE_SIGN_STYLE = Automatic;
				COMBINE_HIDPI_IMAGES = YES;
				DEVELOPMENT_TEAM = 22LM694AT3;
				FRAMEWORK_SEARCH_PATHS = (
					"$(inherited)",
					"$(PROJECT_DIR)/Carthage/Build/Mac",
				);
				INFOPLIST_FILE = "RitsAssistant/Support Files/Info.plist";
				LD_RUNPATH_SEARCH_PATHS = (
					"$(inherited)",
					"@executable_path/../Frameworks",
				);
				MACOSX_DEPLOYMENT_TARGET = 10.14;
				PRODUCT_BUNDLE_IDENTIFIER = com.fang2hou.RitsAssistant;
				PRODUCT_NAME = "$(TARGET_NAME)";
				SWIFT_VERSION = 4.2;
			};
			name = Release;
		};
/* End XCBuildConfiguration section */

/* Begin XCConfigurationList section */
		B85D281C21DA005C00932170 /* Build configuration list for PBXProject "RitsAssistant" */ = {
			isa = XCConfigurationList;
			buildConfigurations = (
				B85D282F21DA005E00932170 /* Debug */,
				B85D283021DA005E00932170 /* Release */,
			);
			defaultConfigurationIsVisible = 0;
			defaultConfigurationName = Release;
		};
		B85D283121DA005E00932170 /* Build configuration list for PBXNativeTarget "RitsAssistant" */ = {
			isa = XCConfigurationList;
			buildConfigurations = (
				B85D283221DA005E00932170 /* Debug */,
				B85D283321DA005E00932170 /* Release */,
			);
			defaultConfigurationIsVisible = 0;
			defaultConfigurationName = Release;
		};
/* End XCConfigurationList section */

/* Begin XCVersionGroup section */
		B8F2A99F21DC89EF00054091 /* UserData.xcdatamodeld */ = {
			isa = XCVersionGroup;
			children = (
				B8F2A9A021DC89EF00054091 /* UserData.xcdatamodel */,
			);
			currentVersion = B8F2A9A021DC89EF00054091 /* UserData.xcdatamodel */;
			path = UserData.xcdatamodeld;
			sourceTree = "<group>";
			versionGroupType = wrapper.xcdatamodel;
		};
/* End XCVersionGroup section */
	};
	rootObject = B85D281921DA005C00932170 /* Project object */;
}
